
Microsoft Visual Studio Solution File, Format Version 12.00
# Visual Studio 2013
VisualStudioVersion = 12.0.31101.0
MinimumVisualStudioVersion = 10.0.40219.1
Project("{FAE04EC0-301F-11D3-BF4B-00C04F79EFBC}") = "TGrid", "TGrid\TGrid.csproj", "{6853CB4F-0110-4DFF-B641-38F358E6ECE1}"
EndProject
Project("{FAE04EC0-301F-11D3-BF4B-00C04F79EFBC}") = "TGrid.Rest", "TGrid.Rest\TGrid.Rest.csproj", "{B12B7BC4-6508-4D84-9F29-CFE7E65AAE84}"
EndProject
Project("{2150E333-8FDC-42A3-9474-1A3956D46DE8}") = "Solution Items", "Solution Items", "{6D43C046-4174-4FD1-B3BD-20B370B5BAA6}"
	ProjectSection(SolutionItems) = preProject
		.gitignore = .gitignore
	EndProjectSection
EndProject
Project("{FAE04EC0-301F-11D3-BF4B-00C04F79EFBC}") = "TGrid.Tests", "TGrid.Tests\TGrid.Tests.csproj", "{8ACA3531-7C40-4AC7-A1B9-485890C72FA6}"
EndProject
Global
	GlobalSection(SolutionConfigurationPlatforms) = preSolution
		Debug|Any CPU = Debug|Any CPU
		Release|Any CPU = Release|Any CPU
	EndGlobalSection
	GlobalSection(ProjectConfigurationPlatforms) = postSolution
		{6853CB4F-0110-4DFF-B641-38F358E6ECE1}.Debug|Any CPU.ActiveCfg = Debug|Any CPU
		{6853CB4F-0110-4DFF-B641-38F358E6ECE1}.Debug|Any CPU.Build.0 = Debug|Any CPU
		{6853CB4F-0110-4DFF-B641-38F358E6ECE1}.Release|Any CPU.ActiveCfg = Release|Any CPU
		{6853CB4F-0110-4DFF-B641-38F358E6ECE1}.Release|Any CPU.Build.0 = Release|Any CPU
		{B12B7BC4-6508-4D84-9F29-CFE7E65AAE84}.Debug|Any CPU.ActiveCfg = Debug|Any CPU
		{B12B7BC4-6508-4D84-9F29-CFE7E65AAE84}.Debug|Any CPU.Build.0 = Debug|Any CPU
		{B12B7BC4-6508-4D84-9F29-CFE7E65AAE84}.Release|Any CPU.ActiveCfg = Release|Any CPU
		{B12B7BC4-6508-4D84-9F29-CFE7E65AAE84}.Release|Any CPU.Build.0 = Release|Any CPU
		{8ACA3531-7C40-4AC7-A1B9-485890C72FA6}.Debug|Any CPU.ActiveCfg = Debug|Any CPU
		{8ACA3531-7C40-4AC7-A1B9-485890C72FA6}.Debug|Any CPU.Build.0 = Debug|Any CPU
		{8ACA3531-7C40-4AC7-A1B9-485890C72FA6}.Release|Any CPU.ActiveCfg = Release|Any CPU
		{8ACA3531-7C40-4AC7-A1B9-485890C72FA6}.Release|Any CPU.Build.0 = Release|Any CPU
	EndGlobalSection
	GlobalSection(SolutionProperties) = preSolution
		HideSolutionNode = FALSE
	EndGlobalSection
EndGlobal
